<?xml version="1.0" encoding="utf-8"?>
<Project ToolsVersion="4.0" xmlns="http://schemas.microsoft.com/developer/msbuild/2003">
  <ItemGroup>
    <Filter Include="Resource Files">
      <UniqueIdentifier>{D9D6E242-F8AF-46E4-B9FD-80ECBC20BA3E}</UniqueIdentifier>
      <Extensions>qrc;*</Extensions>
      <ParseFiles>false</ParseFiles>
    </Filter>
    <Filter Include="Generated Files">
      <UniqueIdentifier>{71ED8ED8-ACB9-4CE9-BBE1-E00B30144E11}</UniqueIdentifier>
      <Extensions>moc;h;cpp</Extensions>
      <SourceControlFiles>False</SourceControlFiles>
    </Filter>
    <Filter Include="Heads">
      <UniqueIdentifier>{c305fa8c-3ad6-4630-9728-5a011f0241ee}</UniqueIdentifier>
    </Filter>
  </ItemGroup>
  <ItemGroup>
    <ClCompile Include="IntervalLoader.cpp" />
    <ClCompile Include="Database.cpp" />
    <ClCompile Include="Simplex.cpp" />
    <ClCompile Include="Difuse2Param.cpp" />
    <ClCompile Include="Fitness.cpp" />
    <ClCompile Include="Functions.cpp" />
    <ClCompile Include="Interpolation.cpp" />
    <ClCompile Include="main.cpp" />
    <ClCompile Include="Manager.cpp" />
    <ClCompile Include="MeasuredValue.cpp" />
    <ClCompile Include="Parameters.cpp" />
    <ClCompile Include="RandomVectorGenerator.cpp" />
    <ClCompile Include="Segment.cpp" />
    <ClCompile Include="EntranceParameters.cpp">
      <Filter>Generated Files</Filter>
    </ClCompile>
    <ClCompile Include="OutputTable.cpp" />
  </ItemGroup>
  <ItemGroup>
    <ClInclude Include="Simplex.h">
      <Filter>Heads</Filter>
    </ClInclude>
    <ClInclude Include="Difuse2Param.h">
      <Filter>Heads</Filter>
    </ClInclude>
    <ClInclude Include="Fitness.h">
      <Filter>Heads</Filter>
    </ClInclude>
    <ClInclude Include="Functions.h">
      <Filter>Heads</Filter>
    </ClInclude>
    <ClInclude Include="Interpolation.h">
      <Filter>Heads</Filter>
    </ClInclude>
    <ClInclude Include="Manager.h">
      <Filter>Heads</Filter>
    </ClInclude>
    <ClInclude Include="MeasuredValue.h">
      <Filter>Heads</Filter>
    </ClInclude>
    <ClInclude Include="Parameters.h">
      <Filter>Heads</Filter>
    </ClInclude>
    <ClInclude Include="RandomVectorGenerator.h">
      <Filter>Heads</Filter>
    </ClInclude>
    <ClInclude Include="Segment.h">
      <Filter>Heads</Filter>
    </ClInclude>
    <ClInclude Include="Main.h">
      <Filter>Heads</Filter>
    </ClInclude>
    <ClInclude Include="Resources\sqlite3.h">
      <Filter>Heads</Filter>
    </ClInclude>
    <ClInclude Include="Database.h">
      <Filter>Heads</Filter>
    </ClInclude>
    <ClInclude Include="IntervalLoader.h">
      <Filter>Heads</Filter>
    </ClInclude>
    <ClInclude Include="EntranceParameters.h">
      <Filter>Generated Files</Filter>
    </ClInclude>
    <ClInclude Include="OutputTable.h" />
  </ItemGroup>
  <ItemGroup>
    <None Include="Makefile" />
  </ItemGroup>
</Project>